{
  "name": "factory-method",
  "version": "1.0.0",
  "lockfileVersion": 3,
  "requires": true,
  "packages": {
    "": {
      "name": "factory-method",
      "version": "1.0.0",
      "license": "ISC",
      "devDependencies": {
        "node-ts": "^6.0.1"
      }
    },
    "node_modules/@rauschma/stringio": {
      "version": "1.4.0",
      "resolved": "https://registry.npmjs.org/@rauschma/stringio/-/stringio-1.4.0.tgz",
      "integrity": "sha512-3uor2f/MXZkmX5RJf8r+OC3WvZVzpSme0yyL0rQDPEnatE02qRcqwEwnsgpgriEck0S/n4vWtUd6tTtrJwk45Q==",
      "dev": true,
      "dependencies": {
        "@types/node": "^10.0.3"
      }
    },
    "node_modules/@rauschma/stringio/node_modules/@types/node": {
      "version": "10.17.60",
      "resolved": "https://registry.npmjs.org/@types/node/-/node-10.17.60.tgz",
      "integrity": "sha512-F0KIgDJfy2nA3zMLmWGKxcH2ZVEtCZXHHdOQs2gSaQ27+lNeEfGxzkIw90aXswATX7AZ33tahPbzy6KAfUreVw==",
      "dev": true
    },
    "node_modules/@types/node": {
      "version": "20.4.10",
      "resolved": "https://registry.npmjs.org/@types/node/-/node-20.4.10.tgz",
      "integrity": "sha512-vwzFiiy8Rn6E0MtA13/Cxxgpan/N6UeNYR9oUu6kuJWxu6zCk98trcDp8CBhbtaeuq9SykCmXkFr2lWLoPcvLg==",
      "dev": true
    },
    "node_modules/node-ts": {
      "version": "6.0.1",
      "resolved": "https://registry.npmjs.org/node-ts/-/node-ts-6.0.1.tgz",
      "integrity": "sha512-nxFz4tJYv9Yu6u4e3B1rmfh45Zmge7rD/MlTA5V98+Q5eFsqzCWTWDYvbrNEPGtnzhkqNLk4E2r3C6VSfNoZNQ==",
      "dev": true,
      "dependencies": {
        "@rauschma/stringio": "^1.4.0",
        "@types/node": "^20.2.4"
      },
      "engines": {
        "node": ">=18.0.0"
      }
    }
  }
}
